# This lock file was generated by conda-lock (https://github.com/conda-incubator/conda-lock). DO NOT EDIT!
#
# A "lock file" contains a concrete list of package versions (with checksums) to be installed. Unlike
# e.g. `conda env create`, the resulting environment will not change as new package versions become
# available, unless you explicitly update the lock file.
#
# Install this environment as "YOURENV" with:
#     conda-lock install -n YOURENV --file conda-lock.yml
# To update a single package to the latest version compatible with the version constraints in the source:
#     conda-lock lock  --lockfile conda-lock.yml --update PACKAGE
# To re-solve the entire environment, e.g. after changing a version constraint in the source file:
#     conda-lock -f /app/env.yml --lockfile conda-lock.yml
metadata:
  channels:
  - url: pytorch
    used_env_vars: []
  - url: conda-forge
    used_env_vars: []
  - url: defaults
    used_env_vars: []
  content_hash:
    linux-64: d4f8069ad5668e3f5cee7847c06ea99871ccb099a49c321dd08848073b5eb2b5
  platforms:
  - linux-64
  sources:
  - /app/env.yml
package:
- category: main
  dependencies: {}
  hash:
    md5: d7c89558ba9fa0495403155b64376d81
    sha256: fe51de6107f9edc7aa4f786a70f4a883943bc9d39b3bb7307c04c41410990726
  manager: conda
  name: _libgcc_mutex
  optional: false
  platform: linux-64
  url: https://conda.anaconda.org/conda-forge/linux-64/_libgcc_mutex-0.1-conda_forge.tar.bz2
  version: '0.1'
- category: main
  dependencies: {}
  hash:
    md5: ff9f73d45c4a07d6f424495288a26080
    sha256: 8f6c81b0637771ae0ea73dc03a6d30bec3326ba3927f2a7b91931aa2d59b1789
  manager: conda
  name: ca-certificates
  optional: false
  platform: linux-64
  url: https://conda.anaconda.org/conda-forge/linux-64/ca-certificates-2022.12.7-ha878542_0.conda
  version: 2022.12.7
- category: main
  dependencies: {}
  hash:
    md5: 7aca3059a1729aa76c597603f10b0dd3
    sha256: f6cc89d887555912d6c61b295d398cff9ec982a3417d38025c45d5dd9b9e79cd
  manager: conda
  name: ld_impl_linux-64
  optional: false
  platform: linux-64
  url: https://conda.anaconda.org/conda-forge/linux-64/ld_impl_linux-64-2.40-h41732ed_0.conda
  version: '2.40'
- category: main
  dependencies: {}
  hash:
    md5: 164b4b1acaedc47ee7e658ae6b308ca3
    sha256: 03ea784edd12037dc3a7a0078ff3f9c3383feabb34d5ba910bb2fd7a21a2d961
  manager: conda
  name: libgfortran5
  optional: false
  platform: linux-64
  url: https://conda.anaconda.org/conda-forge/linux-64/libgfortran5-12.2.0-h337968e_19.tar.bz2
  version: 12.2.0
- category: main
  dependencies: {}
  hash:
    md5: 1030b1f38c129f2634eae026f704fe60
    sha256: 0289e6a7b9a5249161a3967909e12dcfb4ab4475cdede984635d3fb65c606f08
  manager: conda
  name: libstdcxx-ng
  optional: false
  platform: linux-64
  url: https://conda.anaconda.org/conda-forge/linux-64/libstdcxx-ng-12.2.0-h46fd767_19.tar.bz2
  version: 12.2.0
- category: main
  dependencies: {}
  hash:
    md5: 0dd193187d54e585cac7eab942a8847e
    sha256: 89e8c4436dd04d8b4a0c13c508e930be56973a480a9714171969de953bdafd3a
  manager: conda
  name: python_abi
  optional: false
  platform: linux-64
  url: https://conda.anaconda.org/conda-forge/linux-64/python_abi-3.9-3_cp39.conda
  version: '3.9'
- category: main
  dependencies: {}
  hash:
    md5: a948316e36fb5b11223b3fcfa93f8358
    sha256: c16316183f51b74ca5eee4dcb8631052f328c0bbf244176734a0b7d390b81ee3
  manager: conda
  name: pytorch-mutex
  optional: false
  platform: linux-64
  url: https://conda.anaconda.org/pytorch/noarch/pytorch-mutex-1.0-cuda.tar.bz2
  version: '1.0'
- category: main
  dependencies: {}
  hash:
    md5: 939e3e74d8be4dac89ce83b20de2492a
    sha256: 0449138224adfa125b220154408419ec37c06b0b49f63c5954724325903ecf55
  manager: conda
  name: tzdata
  optional: false
  platform: linux-64
  url: https://conda.anaconda.org/conda-forge/noarch/tzdata-2023c-h71feb2d_0.conda
  version: 2023c
- category: main
  dependencies:
    libgfortran5: 12.2.0 h337968e_19
  hash:
    md5: cd7a806282c16e1f2d39a7e80d3a3e0d
    sha256: c7d061f323e80fbc09564179073d8af303bf69b953b0caddcf79b47e352c746f
  manager: conda
  name: libgfortran-ng
  optional: false
  platform: linux-64
  url: https://conda.anaconda.org/conda-forge/linux-64/libgfortran-ng-12.2.0-h69a702a_19.tar.bz2
  version: 12.2.0
- category: main
  dependencies:
    _libgcc_mutex: 0.1 conda_forge
    llvm-openmp: '>=9.0.1'
  hash:
    md5: 562b26ba2e19059551a811e72ab7f793
    sha256: 84a66275da3a66e3f3e70e9d8f10496d807d01a9e4ec16cd2274cc5e28c478fc
  manager: conda
  name: _openmp_mutex
  optional: false
  platform: linux-64
  url: https://conda.anaconda.org/conda-forge/linux-64/_openmp_mutex-4.5-2_kmp_llvm.tar.bz2
  version: '4.5'
- category: main
  dependencies:
    _libgcc_mutex: 0.1 conda_forge
    _openmp_mutex: '>=4.5'
  hash:
    md5: e4c94f80aef025c17ab0828cd85ef535
    sha256: f3899c26824cee023f1e360bd0859b0e149e2b3e8b1668bc6dd04bfc70dcd659
  manager: conda
  name: libgcc-ng
  optional: false
  platform: linux-64
  url: https://conda.anaconda.org/conda-forge/linux-64/libgcc-ng-12.2.0-h65d4601_19.tar.bz2
  version: 12.2.0
- category: main
  dependencies:
    libgcc-ng: '>=9.3.0'
  hash:
    md5: a1fd65c7ccbf10880423d82bca54eb54
    sha256: cb521319804640ff2ad6a9f118d972ed76d86bea44e5626c09a13d38f562e1fa
  manager: conda
  name: bzip2
  optional: false
  platform: linux-64
  url: https://conda.anaconda.org/conda-forge/linux-64/bzip2-1.0.8-h7f98852_4.tar.bz2
  version: 1.0.8
- category: main
  dependencies:
    libgcc-ng: '>=12'
    libstdcxx-ng: '>=12'
  hash:
    md5: dea1dcc93c27b9c3ac950799ead57d1e
    sha256: a0d649cae05d7686326f0ed3501a62b15197669bf4adc6a9f531c13e02894053
  manager: conda
  name: cudatoolkit
  optional: false
  platform: linux-64
  url: https://conda.anaconda.org/conda-forge/linux-64/cudatoolkit-10.2.89-h713d32c_11.conda
  version: 10.2.89
- category: main
  dependencies:
    libgcc-ng: '>=12'
  hash:
    md5: 14947d8770185e5153fdd04d4673ed37
    sha256: 4fcfedc44e4c9a053f0416f9fc6ab6ed50644fca3a761126dbd00d09db1f546a
  manager: conda
  name: gettext
  optional: false
  platform: linux-64
  url: https://conda.anaconda.org/conda-forge/linux-64/gettext-0.21.1-h27087fc_0.tar.bz2
  version: 0.21.1
- category: main
  dependencies:
    libgcc-ng: '>=7.5.0'
    libstdcxx-ng: '>=7.5.0'
  hash:
    md5: b94cf2db16066b242ebd26db2facbd56
    sha256: 07a5319e1ac54fe5d38f50c60f7485af7f830b036da56957d0bfb7558a886198
  manager: conda
  name: gmp
  optional: false
  platform: linux-64
  url: https://conda.anaconda.org/conda-forge/linux-64/gmp-6.2.1-h58526e2_0.tar.bz2
  version: 6.2.1
- category: main
  dependencies:
    libgcc-ng: '>=12'
    libstdcxx-ng: '>=12'
  hash:
    md5: 7c8d20d847bb45f56bd941578fcfa146
    sha256: e44cc00eec068e7f7a6dd117ba17bf5d57658729b7b841945546f82505138292
  manager: conda
  name: icu
  optional: false
  platform: linux-64
  url: https://conda.anaconda.org/conda-forge/linux-64/icu-72.1-hcb278e6_0.conda
  version: '72.1'
- category: main
  dependencies:
    libgcc-ng: '>=12'
  hash:
    md5: c7a069243e1fbe9a556ed2ec030e6407
    sha256: 8f73194d09c9ea4a7e2b3562766b8d72125cc147b62c7cf83393e3a3bbfd581b
  manager: conda
  name: jpeg
  optional: false
  platform: linux-64
  url: https://conda.anaconda.org/conda-forge/linux-64/jpeg-9e-h0b41bf4_3.conda
  version: 9e
- category: main
  dependencies:
    libgcc-ng: '>=12'
  hash:
    md5: a8832b479f93521a9e7b5b743803be51
    sha256: aad2a703b9d7b038c0f745b853c6bb5f122988fe1a7a096e0e606d9cbec4eaab
  manager: conda
  name: lame
  optional: false
  platform: linux-64
  url: https://conda.anaconda.org/conda-forge/linux-64/lame-3.100-h166bdaf_1003.tar.bz2
  version: '3.100'
- category: main
  dependencies:
    libgcc-ng: '>=9.4.0'
    libstdcxx-ng: '>=9.4.0'
  hash:
    md5: 7fcefde484980d23f0ec24c11e314d2e
    sha256: 4f08723bfa7cdcbaccb4f73bbb2399327177c27d270f15d4561dbbb320d1eefc
  manager: conda
  name: lerc
  optional: false
  platform: linux-64
  url: https://conda.anaconda.org/conda-forge/linux-64/lerc-3.0-h9c3ff4c_0.tar.bz2
  version: '3.0'
- category: main
  dependencies:
    libgcc-ng: '>=9.4.0'
  hash:
    md5: ffa3a757a97e851293909b49f49f28fb
    sha256: a226ff10d6ab41555c8d0b95c8321236281f570019845f629f91c6a9526f6a68
  manager: conda
  name: libdeflate
  optional: false
  platform: linux-64
  url: https://conda.anaconda.org/conda-forge/linux-64/libdeflate-1.10-h7f98852_0.tar.bz2
  version: '1.10'
- category: main
  dependencies:
    libgcc-ng: '>=9.4.0'
  hash:
    md5: d645c6d2ac96843a2bfaccd2d62b3ac3
    sha256: ab6e9856c21709b7b517e940ae7028ae0737546122f83c2aa5d692860c3b149e
  manager: conda
  name: libffi
  optional: false
  platform: linux-64
  url: https://conda.anaconda.org/conda-forge/linux-64/libffi-3.4.2-h7f98852_5.tar.bz2
  version: 3.4.2
- category: main
  dependencies:
    libgcc-ng: '>=10.3.0'
  hash:
    md5: b62b52da46c39ee2bc3c162ac7f1804d
    sha256: 6a81ebac9f1aacdf2b4f945c87ad62b972f0f69c8e0981d68e111739e6720fd7
  manager: conda
  name: libiconv
  optional: false
  platform: linux-64
  url: https://conda.anaconda.org/conda-forge/linux-64/libiconv-1.17-h166bdaf_0.tar.bz2
  version: '1.17'
- category: main
  dependencies:
    libgcc-ng: '>=9.4.0'
  hash:
    md5: 39b1328babf85c7c3a61636d9cd50206
    sha256: 32f4fb94d99946b0dabfbbfd442b25852baf909637f2eed1ffe3baea15d02aad
  manager: conda
  name: libnsl
  optional: false
  platform: linux-64
  url: https://conda.anaconda.org/conda-forge/linux-64/libnsl-2.0.0-h7f98852_0.tar.bz2
  version: 2.0.0
- category: main
  dependencies:
    libgcc-ng: '>=9.3.0'
  hash:
    md5: 6e8cc2173440d77708196c5b93771680
    sha256: b88afeb30620b11bed54dac4295aa57252321446ba4e6babd7dce4b9ffde9b25
  manager: conda
  name: libogg
  optional: false
  platform: linux-64
  url: https://conda.anaconda.org/conda-forge/linux-64/libogg-1.3.4-h7f98852_1.tar.bz2
  version: 1.3.4
- category: main
  dependencies:
    libgcc-ng: '>=9.3.0'
  hash:
    md5: 15345e56d527b330e1cacbdf58676e8f
    sha256: 0e1c2740ebd1c93226dc5387461bbcf8142c518f2092f3ea7551f77755decc8f
  manager: conda
  name: libopus
  optional: false
  platform: linux-64
  url: https://conda.anaconda.org/conda-forge/linux-64/libopus-1.3.1-h7f98852_1.tar.bz2
  version: 1.3.1
- category: main
  dependencies:
    libgcc-ng: '>=12'
  hash:
    md5: 40b61aab5c7ba9ff276c41cfffe6b80b
    sha256: 787eb542f055a2b3de553614b25f09eefb0a0931b0c87dbcce6efdfd92f04f18
  manager: conda
  name: libuuid
  optional: false
  platform: linux-64
  url: https://conda.anaconda.org/conda-forge/linux-64/libuuid-2.38.1-h0b41bf4_0.conda
  version: 2.38.1
- category: main
  dependencies:
    libgcc-ng: '>=12'
  hash:
    md5: e5cb4fe581a18ca2185a016eb848fc00
    sha256: dc14922a6d5cf7fde55c0aa8f6661d6871c6a2e94369e7455a8a5927c3065080
  manager: conda
  name: libuv
  optional: false
  platform: linux-64
  url: https://conda.anaconda.org/conda-forge/linux-64/libuv-1.44.2-h166bdaf_0.tar.bz2
  version: 1.44.2
- category: main
  dependencies:
    libgcc-ng: '>=12'
  hash:
    md5: 0d4a7508d8c6c65314f2b9c1f56ad408
    sha256: ac3e073ea77803da71eb77e7fcef07defb345bda95eee3327c73ddf85b5714da
  manager: conda
  name: libwebp-base
  optional: false
  platform: linux-64
  url: https://conda.anaconda.org/conda-forge/linux-64/libwebp-base-1.3.0-h0b41bf4_0.conda
  version: 1.3.0
- category: main
  dependencies:
    libgcc-ng: '>=12'
  hash:
    md5: f3f9de449d32ca9b9c66a22863c96f41
    sha256: 22f3663bcf294d349327e60e464a51cd59664a71b8ed70c28a9f512d10bc77dd
  manager: conda
  name: libzlib
  optional: false
  platform: linux-64
  url: https://conda.anaconda.org/conda-forge/linux-64/libzlib-1.2.13-h166bdaf_4.tar.bz2
  version: 1.2.13
- category: main
  dependencies:
    libgcc-ng: '>=10.3.0'
  hash:
    md5: 4acfc691e64342b9dae57cf2adc63238
    sha256: b801e8cf4b2c9a30bce5616746c6c2a4e36427f045b46d9fc08a4ed40a9f7065
  manager: conda
  name: ncurses
  optional: false
  platform: linux-64
  url: https://conda.anaconda.org/conda-forge/linux-64/ncurses-6.3-h27087fc_1.tar.bz2
  version: '6.3'
- category: main
  dependencies:
    libgcc-ng: '>=7.5.0'
  hash:
    md5: f050099af540c1c960c813b06bca89ad
    sha256: d929f0c53f2bb74c8e3d97dc1c53cc76b7cec97837fcf87998fa3dd447f03b36
  manager: conda
  name: nettle
  optional: false
  platform: linux-64
  url: https://conda.anaconda.org/conda-forge/linux-64/nettle-3.6-he412f7d_0.tar.bz2
  version: '3.6'
- category: main
  dependencies:
    ca-certificates: ''
    libgcc-ng: '>=12'
  hash:
    md5: 2d833be81a21128e317325a01326d36f
    sha256: d378afcec34b86fef4da3ebd622b3e614cb3f71e54b6a5a10adb1d23745ecc72
  manager: conda
  name: openssl
  optional: false
  platform: linux-64
  url: https://conda.anaconda.org/conda-forge/linux-64/openssl-3.1.0-h0b41bf4_0.conda
  version: 3.1.0
- category: main
  dependencies:
    libgcc-ng: '>=12'
  hash:
    md5: 2161070d867d1b1204ea749c8eec4ef0
    sha256: 03a6d28ded42af8a347345f82f3eebdd6807a08526d47899a42d62d319609162
  manager: conda
  name: xz
  optional: false
  platform: linux-64
  url: https://conda.anaconda.org/conda-forge/linux-64/xz-5.2.6-h166bdaf_0.tar.bz2
  version: 5.2.6
- category: main
  dependencies:
    libgcc-ng: '>=7.5.0'
    libstdcxx-ng: '>=7.5.0'
    nettle: '>=3.6,<3.7.0a0'
  hash:
    md5: 7d1b6fff16c1431d96cb4934938799fd
    sha256: 6c9307f0fedce2c4d060bba9ac888b300bc0912effab423d67b8e1b661a93305
  manager: conda
  name: gnutls
  optional: false
  platform: linux-64
  url: https://conda.anaconda.org/conda-forge/linux-64/gnutls-3.6.13-h85f3911_1.tar.bz2
  version: 3.6.13
- category: main
  dependencies:
    gettext: '>=0.19.8.1,<1.0a0'
    libgcc-ng: '>=10.3.0'
    libogg: '>=1.3.4,<1.4.0a0'
    libstdcxx-ng: '>=10.3.0'
  hash:
    md5: 620e52e160fd09eb8772dedd46bb19ef
    sha256: 56a9db74d2867bc314196caff5fff4b6dbd0caa4750f791f48013dbdfad71e0c
  manager: conda
  name: libflac
  optional: false
  platform: linux-64
  url: https://conda.anaconda.org/conda-forge/linux-64/libflac-1.3.4-h27087fc_0.tar.bz2
  version: 1.3.4
- category: main
  dependencies:
    libgcc-ng: '>=12'
    libzlib: '>=1.2.13,<1.3.0a0'
  hash:
    md5: e1c890aebdebbfbf87e2c917187b4416
    sha256: a32b36d34e4f2490b99bddbc77d01a674d304f667f0e62c89e02c961addef462
  manager: conda
  name: libpng
  optional: false
  platform: linux-64
  url: https://conda.anaconda.org/conda-forge/linux-64/libpng-1.6.39-h753d276_0.conda
  version: 1.6.39
- category: main
  dependencies:
    libgcc-ng: '>=12'
    libzlib: '>=1.2.13,<1.3.0a0'
  hash:
    md5: 2e5f9a37d487e1019fd4d8113adb2f9f
    sha256: 6008a0b914bd1a3510a3dba38eada93aa0349ebca3a21e5fa276833c8205bf49
  manager: conda
  name: libsqlite
  optional: false
  platform: linux-64
  url: https://conda.anaconda.org/conda-forge/linux-64/libsqlite-3.40.0-h753d276_0.tar.bz2
  version: 3.40.0
- category: main
  dependencies:
    libgcc-ng: '>=9.3.0'
    libogg: '>=1.3.4,<1.4.0a0'
    libstdcxx-ng: '>=9.3.0'
  hash:
    md5: 309dec04b70a3cc0f1e84a4013683bc0
    sha256: 53080d72388a57b3c31ad5805c93a7328e46ff22fab7c44ad2a86d712740af33
  manager: conda
  name: libvorbis
  optional: false
  platform: linux-64
  url: https://conda.anaconda.org/conda-forge/linux-64/libvorbis-1.3.7-h9c3ff4c_0.tar.bz2
  version: 1.3.7
- category: main
  dependencies:
    icu: '>=72.1,<73.0a0'
    libgcc-ng: '>=12'
    libiconv: '>=1.17,<2.0a0'
    libzlib: '>=1.2.13,<1.3.0a0'
    xz: '>=5.2.6,<6.0a0'
  hash:
    md5: 7eecaadc2eaeef464c5fe17702f17c86
    sha256: 127df02ef69b2ddc60fdea0d9c4d0e1d76f1779d4a90cf8d91f36aae49e11280
  manager: conda
  name: libxml2
  optional: false
  platform: linux-64
  url: https://conda.anaconda.org/conda-forge/linux-64/libxml2-2.10.3-hfdac1af_6.conda
  version: 2.10.3
- category: main
  dependencies:
    libgcc-ng: '>=12'
    ncurses: '>=6.3,<7.0a0'
  hash:
    md5: 47d31b792659ce70f470b5c82fdfb7a4
    sha256: 5435cf39d039387fbdc977b0a762357ea909a7694d9528ab40f005e9208744d7
  manager: conda
  name: readline
  optional: false
  platform: linux-64
  url: https://conda.anaconda.org/conda-forge/linux-64/readline-8.2-h8228510_1.conda
  version: '8.2'
- category: main
  dependencies:
    libgcc-ng: '>=9.4.0'
    libzlib: '>=1.2.11,<1.3.0a0'
  hash:
    md5: 5b8c42eb62e9fc961af70bdd6a26e168
    sha256: 032fd769aad9d4cad40ba261ab222675acb7ec951a8832455fce18ef33fa8df0
  manager: conda
  name: tk
  optional: false
  platform: linux-64
  url: https://conda.anaconda.org/conda-forge/linux-64/tk-8.6.12-h27826a3_0.tar.bz2
  version: 8.6.12
- category: main
  dependencies:
    libgcc-ng: '>=12'
    libzlib: 1.2.13 h166bdaf_4
  hash:
    md5: 4b11e365c0275b808be78b30f904e295
    sha256: 282ce274ebe6da1fbd52efbb61bd5a93dec0365b14d64566e6819d1691b75300
  manager: conda
  name: zlib
  optional: false
  platform: linux-64
  url: https://conda.anaconda.org/conda-forge/linux-64/zlib-1.2.13-h166bdaf_4.tar.bz2
  version: 1.2.13
- category: main
  dependencies:
    libgcc-ng: '>=12'
    libstdcxx-ng: '>=12'
    libzlib: '>=1.2.13,<1.3.0a0'
  hash:
    md5: 6b63daed8feeca47be78f323e793d555
    sha256: fbe49a8c8df83c2eccb37c5863ad98baeb29796ec96f2c503783d7b89bf80c98
  manager: conda
  name: zstd
  optional: false
  platform: linux-64
  url: https://conda.anaconda.org/conda-forge/linux-64/zstd-1.5.2-h3eb15da_6.conda
  version: 1.5.2
- category: main
  dependencies:
    libgcc-ng: '>=12'
    libpng: '>=1.6.39,<1.7.0a0'
    libzlib: '>=1.2.13,<1.3.0a0'
  hash:
    md5: e1232042de76d24539a436d37597eb06
    sha256: 1eb913727b54e9aa63c6d9a1177db4e2894cee97c5f26910a2b61899d5ac904f
  manager: conda
  name: freetype
  optional: false
  platform: linux-64
  url: https://conda.anaconda.org/conda-forge/linux-64/freetype-2.12.1-hca18f0e_1.conda
  version: 2.12.1
- category: main
  dependencies:
    libgcc-ng: '>=12'
    libstdcxx-ng: '>=12'
    libxml2: '>=2.10.3,<2.11.0a0'
  hash:
    md5: ab9d052373c9376c0ebcff4dfef3d296
    sha256: 7d4fc7a5842e989c7157a0dafdd779770eff78cc786c8924d9e79c019b947776
  manager: conda
  name: libhwloc
  optional: false
  platform: linux-64
  url: https://conda.anaconda.org/conda-forge/linux-64/libhwloc-2.9.0-hd6dc26d_0.conda
  version: 2.9.0
- category: main
  dependencies:
    libflac: '>=1.3.3,<1.4.0a0'
    libgcc-ng: '>=9.3.0'
    libogg: '>=1.3.4,<1.4.0a0'
    libopus: '>=1.3.1,<2.0a0'
    libstdcxx-ng: '>=9.3.0'
    libvorbis: '>=1.3.7,<1.4.0a0'
  hash:
    md5: fc4b6d93da04731db7601f2a1b1dc96a
    sha256: ecec3b30982755865180b022d94c92937e76ae5426c2c20d649ddb8003258117
  manager: conda
  name: libsndfile
  optional: false
  platform: linux-64
  url: https://conda.anaconda.org/conda-forge/linux-64/libsndfile-1.0.31-h9c3ff4c_1.tar.bz2
  version: 1.0.31
- category: main
  dependencies:
    jpeg: '>=9e,<10a'
    lerc: '>=3.0,<4.0a0'
    libdeflate: '>=1.10,<1.11.0a0'
    libgcc-ng: '>=12'
    libstdcxx-ng: '>=12'
    libwebp-base: ''
    libzlib: '>=1.2.11,<1.3.0a0'
    xz: '>=5.2.5,<5.3.0a0'
    zstd: '>=1.5.2,<1.6.0a0'
  hash:
    md5: 2cdb3944029c2cb99cbe981b182a2e9a
    sha256: 46ede756ba5cd5249e4c3c09206751546eb5ad8ddce58adf17b13c7dfc8d174a
  manager: conda
  name: libtiff
  optional: false
  platform: linux-64
  url: https://conda.anaconda.org/conda-forge/linux-64/libtiff-4.3.0-h0fcbabc_4.tar.bz2
  version: 4.3.0
- category: main
  dependencies:
    libzlib: '>=1.2.13,<1.3.0a0'
    zstd: '>=1.5.2,<1.6.0a0'
  hash:
    md5: 8ac4c157172ea816f5c9a0dc33df69d8
    sha256: 853129d19d3dadf8ad474219b6f03a4c38c2d117cb6521e854171e8cf1ff013a
  manager: conda
  name: llvm-openmp
  optional: false
  platform: linux-64
  url: https://conda.anaconda.org/conda-forge/linux-64/llvm-openmp-16.0.0-h417c0b6_0.conda
  version: 16.0.0
- category: main
  dependencies:
    libgcc-ng: '>=9.3.0'
    libstdcxx-ng: '>=9.3.0'
    zlib: '>=1.2.11,<1.3.0a0'
  hash:
    md5: 034a6f90f1bbc7ba11d04b84ec9d74c8
    sha256: 2ce3df1edb23541595443c7697e5568ae6426fa4d365dede45b16b0310bd6a06
  manager: conda
  name: openh264
  optional: false
  platform: linux-64
  url: https://conda.anaconda.org/conda-forge/linux-64/openh264-2.1.1-h780b84a_0.tar.bz2
  version: 2.1.1
- category: main
  dependencies:
    libgcc-ng: '>=12'
    libsqlite: 3.40.0 h753d276_0
    libzlib: '>=1.2.13,<1.3.0a0'
    ncurses: '>=6.3,<7.0a0'
    readline: '>=8.1.2,<9.0a0'
  hash:
    md5: bb11803129cbbb53ed56f9506ff74145
    sha256: baf0e77938e5215653aa6609ff154cb94aeb0a08083ff8dec2d3ba8dd62263e9
  manager: conda
  name: sqlite
  optional: false
  platform: linux-64
  url: https://conda.anaconda.org/conda-forge/linux-64/sqlite-3.40.0-h4ff8645_0.tar.bz2
  version: 3.40.0
- category: main
  dependencies:
    bzip2: '>=1.0.8,<2.0a0'
    freetype: '>=2.10.2,<3.0a0'
    gmp: '>=6.1.2'
    gnutls: '>=3.6.5,<3.7.0a0'
    lame: '>=3.100,<3.101.0a0'
    libgcc-ng: '>=7.3.0'
    libiconv: ''
    libstdcxx-ng: '>=7.3.0'
    openh264: '>=2.1.0,<2.2.0a0'
    zlib: '>=1.2.11,<1.3.0a0'
  hash:
    md5: 0b0bf7c3d7e146ef91de5310bbf7a230
    sha256: 60b3e36cb36b706f5850f155bd9d3f33194a522b5ef20be46cb37dbc987a6741
  manager: conda
  name: ffmpeg
  optional: false
  platform: linux-64
  url: https://conda.anaconda.org/pytorch/linux-64/ffmpeg-4.3-hf484d3e_0.tar.bz2
  version: '4.3'
- category: main
  dependencies:
    jpeg: '>=9d,<10a'
    libgcc-ng: '>=9.3.0'
    libtiff: '>=4.2.0,<4.5.0a0'
  hash:
    md5: 797117394a4aa588de6d741b06fad80f
    sha256: 5b3c77a84b1dbfa53932dee830f35a42cfc5541e23ca0626f8058b04dcf518d1
  manager: conda
  name: lcms2
  optional: false
  platform: linux-64
  url: https://conda.anaconda.org/conda-forge/linux-64/lcms2-2.12-hddcbb42_0.tar.bz2
  version: '2.12'
- category: main
  dependencies:
    libgcc-ng: '>=10.3.0'
    libpng: '>=1.6.37,<1.7.0a0'
    libstdcxx-ng: '>=10.3.0'
    libtiff: '>=4.3.0,<4.5.0a0'
    libzlib: '>=1.2.11,<1.3.0a0'
    zlib: '>=1.2.11,<1.3.0a0'
  hash:
    md5: 93c291532f899698f193e82f8bd7a009
    sha256: b0b0cc644791a04da17a24360f15d188e6c26a7ad80ee8a4619b8f532ff2ffd3
  manager: conda
  name: openjpeg
  optional: false
  platform: linux-64
  url: https://conda.anaconda.org/conda-forge/linux-64/openjpeg-2.5.0-h7d73246_0.tar.bz2
  version: 2.5.0
- category: main
  dependencies:
    bzip2: '>=1.0.8,<2.0a0'
    ld_impl_linux-64: '>=2.36.1'
    libffi: '>=3.4.2,<3.5.0a0'
    libgcc-ng: '>=9.4.0'
    libnsl: '>=2.0.0,<2.1.0a0'
    libuuid: '>=2.32.1,<3.0a0'
    libzlib: '>=1.2.11,<1.3.0a0'
    ncurses: '>=6.2,<7.0.0a0'
    openssl: '>=3.0.0,<4.0a0'
    readline: '>=8.1,<9.0a0'
    sqlite: '>=3.37.0,<4.0a0'
    tk: '>=8.6.11,<8.7.0a0'
    tzdata: ''
    xz: '>=5.2.5,<5.3.0a0'
  hash:
    md5: afb783d4bae932bbfde935f7d26bcbc5
    sha256: 07d6a746ab4b0f3e97839ffdfe119eb78f56ca5212eeb34d89e44721a42de636
  manager: conda
  name: python
  optional: false
  platform: linux-64
  url: https://conda.anaconda.org/conda-forge/linux-64/python-3.9.9-h543edf9_0_cpython.tar.bz2
  version: 3.9.9
- category: main
  dependencies:
    libgcc-ng: '>=12'
    libhwloc: '>=2.9.0,<2.9.1.0a0'
    libstdcxx-ng: '>=12'
  hash:
    md5: b4188d0c54ead87b3c6bc9cb07281f40
    sha256: a4a49322459c37175169f4b0811916b313b6de07b5e36a15bab53689eda0d354
  manager: conda
  name: tbb
  optional: false
  platform: linux-64
  url: https://conda.anaconda.org/conda-forge/linux-64/tbb-2021.8.0-hf52228f_0.conda
  version: 2021.8.0
- category: main
  dependencies:
    _openmp_mutex: '>=4.5'
    llvm-openmp: '>=15.0.6'
    tbb: 2021.*
  hash:
    md5: a7ce56d5757f5b57e7daabe703ade5bb
    sha256: 5322750d5e96ff5d96b1457db5fb6b10300f2bc4030545e940e17b57c4e96d00
  manager: conda
  name: mkl
  optional: false
  platform: linux-64
  url: https://conda.anaconda.org/conda-forge/linux-64/mkl-2022.2.1-h84fe81f_16997.conda
  version: 2022.2.1
- category: main
  dependencies:
    python: ''
  hash:
    md5: 0b2e68acc8c78c8cc392b90983481f58
    sha256: 4e203bc6cba69662991ae491aedf840f5ffe26a826943a1164de25ad89af044a
  manager: conda
  name: olefile
  optional: false
  platform: linux-64
  url: https://conda.anaconda.org/conda-forge/noarch/olefile-0.46-pyh9f0ad1d_1.tar.bz2
  version: '0.46'
- category: main
  dependencies:
    python: '>=3.7'
  hash:
    md5: 6c443cccff3daa3d83b2b807b0a298ce
    sha256: 6595024174d318848468c0e61899ff3c2f08a3545c85727b9a2871d6f8d0062a
  manager: conda
  name: setuptools
  optional: false
  platform: linux-64
  url: https://conda.anaconda.org/conda-forge/noarch/setuptools-67.6.1-pyhd8ed1ab_0.conda
  version: 67.6.1
- category: main
  dependencies:
    python: '>=3.7'
  hash:
    md5: 43e7d9e50261fb11deb76e17d8431aac
    sha256: f81eee64fcdfb379e27d01773b34041fbf7f9e86f33b157c9925d19e0a442452
  manager: conda
  name: typing_extensions
  optional: false
  platform: linux-64
  url: https://conda.anaconda.org/conda-forge/noarch/typing_extensions-4.5.0-pyha770c72_0.conda
  version: 4.5.0
- category: main
  dependencies:
    python: '>=3.7'
  hash:
    md5: 49bb0d9e60ce1db25e151780331bb5f3
    sha256: 79b4d29b0c004014a2abd5fc2c9fcd35cc6256222b960c2a317a27c4b0d8884d
  manager: conda
  name: wheel
  optional: false
  platform: linux-64
  url: https://conda.anaconda.org/conda-forge/noarch/wheel-0.40.0-pyhd8ed1ab_0.conda
  version: 0.40.0
- category: main
  dependencies:
    mkl: ''
  hash:
    md5: 349aef876b1d8c9dccae01de20d5b385
    sha256: a9a9125029a66905fc9e932dfd4f595be3a59a30db37fd7bf4a675a5c6151d62
  manager: conda
  name: blas
  optional: false
  platform: linux-64
  url: https://conda.anaconda.org/conda-forge/linux-64/blas-1.0-mkl.tar.bz2
  version: '1.0'
- category: main
  dependencies:
    mkl: '>=2022.1.0,<2023.0a0'
  hash:
    md5: 85f61af03fd291dae33150ffe89dc09a
    sha256: 24e656f13b402b6fceb88df386768445ab9beb657d451a8e5a88d4b3380cf7a4
  manager: conda
  name: libblas
  optional: false
  platform: linux-64
  url: https://conda.anaconda.org/conda-forge/linux-64/libblas-3.9.0-16_linux64_mkl.tar.bz2
  version: 3.9.0
- category: main
  dependencies:
    freetype: '>=2.10.4,<3.0a0'
    jpeg: '>=9d,<10a'
    lcms2: '>=2.12,<3.0a0'
    libgcc-ng: '>=9.4.0'
    libtiff: '>=4.3.0,<4.4.0a0'
    libzlib: '>=1.2.11,<1.3.0a0'
    olefile: ''
    openjpeg: '>=2.4.0,<3.0.0a0'
    python: '>=3.9,<3.10.0a0'
    python_abi: 3.9.* *_cp39
    tk: '>=8.6.11,<8.7.0a0'
    zlib: '>=1.2.11,<1.3.0a0'
  hash:
    md5: f36987ff4c71212ed574c8a2c190edb3
    sha256: 48eb3700de4867a47ee49db135f46dc68afe0a53ed309dff8e750b71bb405673
  manager: conda
  name: pillow
  optional: false
  platform: linux-64
  url: https://conda.anaconda.org/conda-forge/linux-64/pillow-8.4.0-py39ha612740_0.tar.bz2
  version: 8.4.0
- category: main
  dependencies:
    python: '>=3.7'
    setuptools: ''
    wheel: ''
  hash:
    md5: 8025ca83b8ba5430b640b83917c2a6f7
    sha256: e1698cbf4964cd60a2885c0edbc654133cd0db5ac4cb568412250e577dbc42ad
  manager: conda
  name: pip
  optional: false
  platform: linux-64
  url: https://conda.anaconda.org/conda-forge/noarch/pip-23.0.1-pyhd8ed1ab_0.conda
  version: 23.0.1
- category: main
  dependencies:
    libblas: 3.9.0 16_linux64_mkl
  hash:
    md5: 361bf757b95488de76c4f123805742d3
    sha256: 892ba10508f22310ccfe748df1fd3b6c7f20e7b6f6b79e69ed337863551c1bd8
  manager: conda
  name: libcblas
  optional: false
  platform: linux-64
  url: https://conda.anaconda.org/conda-forge/linux-64/libcblas-3.9.0-16_linux64_mkl.tar.bz2
  version: 3.9.0
- category: main
  dependencies:
    libblas: 3.9.0 16_linux64_mkl
  hash:
    md5: a2f166748917d6d6e4707841ca1f519e
    sha256: d6201f860b2d76ed59027e69c2bbad6d1cb211a215ec9705cc487cde488fa1fa
  manager: conda
  name: liblapack
  optional: false
  platform: linux-64
  url: https://conda.anaconda.org/conda-forge/linux-64/liblapack-3.9.0-16_linux64_mkl.tar.bz2
  version: 3.9.0
- category: main
  dependencies:
    blas: '* mkl'
    cudatoolkit: '>=10.2,<10.3'
    libuv: '>=1.40.0,<2.0a0'
    mkl: '>=2018'
    python: '>=3.9,<3.10.0a0'
    pytorch-mutex: 1.0 cuda
    typing_extensions: ''
  hash:
    md5: bf9986e1812d05784b0823f34ccb433e
    sha256: b3b4b514fafa18e7f35cf668161c30cb9edc7e87e51d1a5b777718826d768f15
  manager: conda
  name: pytorch
  optional: false
  platform: linux-64
  url: https://conda.anaconda.org/pytorch/linux-64/pytorch-1.10.1-py3.9_cuda10.2_cudnn7.6.5_0.tar.bz2
  version: 1.10.1
- category: main
  dependencies:
    libblas: '>=3.8.0,<4.0a0'
    libcblas: '>=3.8.0,<4.0a0'
    libgcc-ng: '>=12'
    liblapack: '>=3.8.0,<4.0a0'
    libstdcxx-ng: '>=12'
    python: '>=3.9,<3.10.0a0'
    python_abi: 3.9.* *_cp39
  hash:
    md5: a09094871a38a0abec011ec36e742045
    sha256: 891389d22ed1b81f6c34805a1a9f1506f02a595910f8355b19d2bf6455a46d3d
  manager: conda
  name: numpy
  optional: false
  platform: linux-64
  url: https://conda.anaconda.org/conda-forge/linux-64/numpy-1.22.4-py39hc58783e_0.tar.bz2
  version: 1.22.4
- category: main
  dependencies:
    libblas: '>=3.9.0,<4.0a0'
    libcblas: '>=3.9.0,<4.0a0'
    libgcc-ng: '>=12'
    libgfortran-ng: ''
    libgfortran5: '>=10.4.0'
    liblapack: '>=3.9.0,<4.0a0'
    libstdcxx-ng: '>=12'
    numpy: '>=1.20.3,<2.0a0'
    python: '>=3.9,<3.10.0a0'
    python_abi: 3.9.* *_cp39
  hash:
    md5: 59fb7e846c538c76112e6c19becd9f58
    sha256: 745b360ec84da64cfa5981cea061e1b0dac058ddfbb44b6a38066b4db967049e
  manager: conda
  name: scipy
  optional: false
  platform: linux-64
  url: https://conda.anaconda.org/conda-forge/linux-64/scipy-1.7.3-py39hddc5342_1.tar.bz2
  version: 1.7.3
- category: main
  dependencies:
    cudatoolkit: '>=10.2,<10.3'
    ffmpeg: '>=4.2'
    jpeg: ''
    libpng: ''
    numpy: '>=1.11'
    pillow: '>=5.3.0'
    python: '>=3.9,<3.10.0a0'
    pytorch: 1.10.1
  hash:
    md5: 936e492460b62c385361e88527cbdc12
    sha256: 2bbaec1942e055c78f56e36e42b9e335203c9e2f90e93031ea7e5f967b68f5d3
  manager: conda
  name: torchvision
  optional: false
  platform: linux-64
  url: https://conda.anaconda.org/pytorch/linux-64/torchvision-0.11.2-py39_cu102.tar.bz2
  version: 0.11.2
- category: main
  dependencies: {}
  hash:
    sha256: 121995bd207eb1fda3d566beb851d3534275925bc35a4fb6da0cb11de0f7251a
  manager: pip
  name: audioread
  optional: false
  platform: linux-64
  url: https://files.pythonhosted.org/packages/5d/cb/82a002441902dccbe427406785db07af10182245ee639ea9f4d92907c923/audioread-3.0.0.tar.gz
  version: 3.0.0
- category: main
  dependencies: {}
  hash:
    sha256: 4ad3232f5e926d6718ec31cfc1fcadfde020920e278684144551c91769c7bc18
  manager: pip
  name: certifi
  optional: false
  platform: linux-64
  url: https://files.pythonhosted.org/packages/71/4c/3db2b8021bd6f2f0ceb0e088d6b2d49147671f25832fb17970e9b583d742/certifi-2022.12.7-py3-none-any.whl
  version: 2022.12.7
- category: main
  dependencies: {}
  hash:
    sha256: 21fa558996782fc226b529fdd2ed7866c2c6ec91cee82735c98a197fae39f706
  manager: pip
  name: charset-normalizer
  optional: false
  platform: linux-64
  url: https://files.pythonhosted.org/packages/33/97/9967fb2d364a9da38557e4af323abcd58cc05bdd8f77e9fd5ae4882772cc/charset_normalizer-3.1.0-cp39-cp39-manylinux_2_17_x86_64.manylinux2014_x86_64.whl
  version: 3.1.0
- category: main
  dependencies: {}
  hash:
    sha256: 3a27e95f763a428a739d2add979fa7494c912a32c17c4c38c4d5f082cad165a3
  manager: pip
  name: cycler
  optional: false
  platform: linux-64
  url: https://files.pythonhosted.org/packages/5c/f9/695d6bedebd747e5eb0fe8fad57b72fdf25411273a39791cde838d5a8f51/cycler-0.11.0-py3-none-any.whl
  version: 0.11.0
- category: main
  dependencies: {}
  hash:
    sha256: b8c3f85900b9dc423225913c5aace94729fe1fa9763b38939a95226f02d37186
  manager: pip
  name: decorator
  optional: false
  platform: linux-64
  url: https://files.pythonhosted.org/packages/d5/50/83c593b07763e1161326b3b8c6686f0f4b0f24d5526546bee538c89837d6/decorator-5.1.1-py3-none-any.whl
  version: 5.1.1
- category: main
  dependencies: {}
  hash:
    sha256: 64c0c05c337f826183637570ac5ab49ee220eec66cf50248e8df527edfa95aeb
  manager: pip
  name: fonttools
  optional: false
  platform: linux-64
  url: https://files.pythonhosted.org/packages/16/07/1c7547e27f559ec078801d522cc4d5127cdd4ef8e831c8ddcd9584668a07/fonttools-4.39.3-py3-none-any.whl
  version: 4.39.3
- category: main
  dependencies: {}
  hash:
    sha256: 90b77e79eaa3eba6de819a0c442c0b4ceefc341a7a2ab77d7562bf49f425c5c2
  manager: pip
  name: idna
  optional: false
  platform: linux-64
  url: https://files.pythonhosted.org/packages/fc/34/3030de6f1370931b9dbb4dad48f6ab1015ab1d32447850b9fc94e60097be/idna-3.4-py3-none-any.whl
  version: '3.4'
- category: main
  dependencies: {}
  hash:
    sha256: 091138ed78f800342968c523bdde947e7a305b8594b910a0fea2ab83c3c6d385
  manager: pip
  name: joblib
  optional: false
  platform: linux-64
  url: https://files.pythonhosted.org/packages/91/d4/3b4c8e5a30604df4c7518c562d4bf0502f2fa29221459226e140cf846512/joblib-1.2.0-py3-none-any.whl
  version: 1.2.0
- category: main
  dependencies: {}
  hash:
    sha256: 7c43e1e1206cd421cd92e6b3280d4385d41d7166b3ed577ac20444b6995a445f
  manager: pip
  name: kiwisolver
  optional: false
  platform: linux-64
  url: https://files.pythonhosted.org/packages/a4/36/c414d75be311ce97ef7248edcc4fc05afae2998641bf6b592d43a9dee581/kiwisolver-1.4.4-cp39-cp39-manylinux_2_12_x86_64.manylinux2010_x86_64.whl
  version: 1.4.4
- category: main
  dependencies: {}
  hash:
    sha256: 4616e17914fcc7c5bfb7d1014acbd4fca478949820e86218a29d9473d0aa221b
  manager: pip
  name: llvmlite
  optional: false
  platform: linux-64
  url: https://files.pythonhosted.org/packages/fe/51/af0842a901b6871d232634dc5c2368f60f73194053479575760f0f4ac117/llvmlite-0.37.0-cp39-cp39-manylinux2014_x86_64.whl
  version: 0.37.0
- dependencies: {}
  hash:
    sha256: 5d050e1e4bc9ddb8656d7b4f414557720ddcca23a5b88dd7cff65e847864c400
  manager: pip
  name: numpy
  platform: linux-64
  url: https://files.pythonhosted.org/packages/cc/7f/0d414a6826b626c6fea98d98336e1f62cf9dd387c776da8dc83ce2a082b6/numpy-1.20.3-cp39-cp39-manylinux_2_12_x86_64.manylinux2010_x86_64.whl
  version: 1.20.3
- category: main
  dependencies: {}
  hash:
    sha256: 714ac14496c3e68c99c29b00845f7a2b85f3bb6f1078fd9f72fd20f0570002b2
  manager: pip
  name: packaging
  optional: false
  platform: linux-64
  url: https://files.pythonhosted.org/packages/ed/35/a31aed2993e398f6b09a790a181a7927eb14610ee8bbf02dc14d31677f1c/packaging-23.0-py3-none-any.whl
  version: '23.0'
- category: main
  dependencies: {}
  hash:
    sha256: ebe11c0d7a805086e99506aa331612429a72ca7cd52a1f0d277dc4adc20cb10e
  manager: pip
  name: platformdirs
  optional: false
  platform: linux-64
  url: https://files.pythonhosted.org/packages/b2/f3/4fb5fae710fc9f22a42cd90dc0547da18ec83e2e139294ab94f04c449cf5/platformdirs-3.2.0-py3-none-any.whl
  version: 3.2.0
- category: main
  dependencies: {}
  hash:
    sha256: 8ee45429555515e1f6b185e78100aea234072576aa43ab53aefcae078162fca9
  manager: pip
  name: pycparser
  optional: false
  platform: linux-64
  url: https://files.pythonhosted.org/packages/62/d5/5f610ebe421e85889f2e55e33b7f9a6795bd982198517d912eb1c76e1a53/pycparser-2.21-py2.py3-none-any.whl
  version: '2.21'
- category: main
  dependencies: {}
  hash:
    sha256: 5026bae9a10eeaefb61dab2f09052b9f4307d44aee4eda64b309723d8d206bbc
  manager: pip
  name: pyparsing
  optional: false
  platform: linux-64
  url: https://files.pythonhosted.org/packages/6c/10/a7d0fa5baea8fe7b50f448ab742f26f52b80bfca85ac2be9d35cdd9a3246/pyparsing-3.0.9-py3-none-any.whl
  version: 3.0.9
- category: main
  dependencies: {}
  hash:
    sha256: a151b3abb88eda1d4e34a9814df37de2a80e301e68ba0fd856fb9b46bfbbbffb
  manager: pip
  name: pytz
  optional: false
  platform: linux-64
  url: https://files.pythonhosted.org/packages/7f/99/ad6bd37e748257dd70d6f85d916cafe79c0b0f5e2e95b11f7fbc82bf3110/pytz-2023.3-py2.py3-none-any.whl
  version: '2023.3'
- category: main
  dependencies: {}
  hash:
    sha256: 40527857252b61eacd1d9af500c3337ba8deb8fc298940291486c465c8b46ec0
  manager: pip
  name: pyyaml
  optional: false
  platform: linux-64
  url: https://files.pythonhosted.org/packages/12/fc/a4d5a7554e0067677823f7265cb3ae22aed8a238560b5133b58cda252dad/PyYAML-6.0-cp39-cp39-manylinux_2_5_x86_64.manylinux1_x86_64.manylinux_2_12_x86_64.manylinux2010_x86_64.whl
  version: '6.0'
- category: main
  dependencies: {}
  hash:
    sha256: 8abb2f1d86890a2dfb989f9a77cfcfd3e47c2a354b01111771326f8aa26e0254
  manager: pip
  name: six
  optional: false
  platform: linux-64
  url: https://files.pythonhosted.org/packages/d9/5a/e7c31adbe875f2abbb91bd84cf2dc52d792b5a01506781dbcf25c91daf11/six-1.16.0-py2.py3-none-any.whl
  version: 1.16.0
- category: main
  dependencies: {}
  hash:
    sha256: 8b99adda265feb6773280df41eece7b2e6561b772d21ffd52e372f999024907b
  manager: pip
  name: threadpoolctl
  optional: false
  platform: linux-64
  url: https://files.pythonhosted.org/packages/61/cf/6e354304bcb9c6413c4e02a747b600061c21d38ba51e7e544ac7bc66aecc/threadpoolctl-3.1.0-py3-none-any.whl
  version: 3.1.0
- category: main
  dependencies: {}
  hash:
    sha256: 939de3e7a6161af0c887ef91b7d41a53e7c5a1ca976325f429cb46ea9bc30ecc
  manager: pip
  name: tomli
  optional: false
  platform: linux-64
  url: https://files.pythonhosted.org/packages/97/75/10a9ebee3fd790d20926a90a2547f0bf78f371b2f13aa822c759680ca7b9/tomli-2.0.1-py3-none-any.whl
  version: 2.0.1
- category: main
  dependencies: {}
  hash:
    sha256: 8dd278a422499cd6b727e6ae4061c40b48fce8b76d1ccbf5d34fca9b7f925b0c
  manager: pip
  name: tqdm
  optional: false
  platform: linux-64
  url: https://files.pythonhosted.org/packages/63/f3/b7a1b8e40fd1bd049a34566eb353527bb9b8e9b98f8b6cf803bb64d8ce95/tqdm-4.62.3-py2.py3-none-any.whl
  version: 4.62.3
- category: main
  dependencies: {}
  hash:
    sha256: aa751d169e23c7479ce47a0cb0da579e3ede798f994f5816a74e4f4500dcea42
  manager: pip
  name: urllib3
  optional: false
  platform: linux-64
  url: https://files.pythonhosted.org/packages/7b/f5/890a0baca17a61c1f92f72b81d3c31523c99bec609e60c292ea55b387ae8/urllib3-1.26.15-py2.py3-none-any.whl
  version: 1.26.15
- category: main
  dependencies:
    pycparser: '*'
  hash:
    sha256: 5d598b938678ebf3c67377cdd45e09d431369c3b1a5b331058c338e201f12b27
  manager: pip
  name: cffi
  optional: false
  platform: linux-64
  url: https://files.pythonhosted.org/packages/2d/86/3ca57cddfa0419f6a95d1c8478f8f622ba597e3581fd501bbb915b20eb75/cffi-1.15.1-cp39-cp39-manylinux_2_17_x86_64.manylinux2014_x86_64.whl
  version: 1.15.1
- category: main
  dependencies:
    llvmlite: '>=0.37.0rc1,<0.38'
    numpy: '>=1.17,<1.21'
  hash:
    sha256: 606ebf5b0474d89f96a2e1354f0349e985c3897c2989b78e47b095d67434cf4c
  manager: pip
  name: numba
  optional: false
  platform: linux-64
  url: https://files.pythonhosted.org/packages/b5/bd/87698d728d15c09439ec369f4b107032dc3b00ce37ca5081ca73875e53c6/numba-0.54.1-cp39-cp39-manylinux2014_x86_64.manylinux_2_17_x86_64.whl
  version: 0.54.1
- category: main
  dependencies:
    six: '>=1.5'
  hash:
    sha256: 961d03dc3453ebbc59dbdea9e4e11c5651520a876d0f4db161e8674aae935da9
  manager: pip
  name: python-dateutil
  optional: false
  platform: linux-64
  url: https://files.pythonhosted.org/packages/36/7a/87837f39d0296e723bb9b62bbb257d0355c7f6128853c78955f57342a56d/python_dateutil-2.8.2-py2.py3-none-any.whl
  version: 2.8.2
- category: main
  dependencies:
    certifi: '>=2017.4.17'
    charset-normalizer: '>=2,<4'
    idna: '>=2.5,<4'
    urllib3: '>=1.21.1,<1.27'
  hash:
    sha256: 64299f4909223da747622c030b781c0d7811e359c37124b4bd368fb8c6518baa
  manager: pip
  name: requests
  optional: false
  platform: linux-64
  url: https://files.pythonhosted.org/packages/d2/f4/274d1dbe96b41cf4e0efb70cbced278ffd61b5c7bb70338b62af94ccb25b/requests-2.28.2-py3-none-any.whl
  version: 2.28.2
- category: main
  dependencies:
    joblib: '>=0.11'
    numpy: '>=1.14.6'
    scipy: '>=1.1.0'
    threadpoolctl: '>=2.0.0'
  hash:
    sha256: ff746a69ff2ef25f62b36338c615dd15954ddc3ab8e73530237dd73235e76d62
  manager: pip
  name: scikit-learn
  optional: false
  platform: linux-64
  url: https://files.pythonhosted.org/packages/57/aa/483fbe6b5314bce2d49801e6cec1f2139a9c220d0d51494788fff47233b3/scikit_learn-1.0.2-cp39-cp39-manylinux_2_17_x86_64.manylinux2014_x86_64.whl
  version: 1.0.2
- category: main
  dependencies:
    packaging: '>=20.0'
    tomli: '>=1.0.0'
    typing-extensions: '*'
  hash:
    sha256: 73988b6d848709e2af142aa48c986ea29592bbcfca5375678064708205253d8e
  manager: pip
  name: setuptools-scm
  optional: false
  platform: linux-64
  url: https://files.pythonhosted.org/packages/1d/66/8f42c941be949ef2b22fe905d850c794e7c170a526023612aad5f3a121ad/setuptools_scm-7.1.0-py3-none-any.whl
  version: 7.1.0
- category: main
  dependencies:
    cycler: '>=0.10'
    fonttools: '>=4.22.0'
    kiwisolver: '>=1.0.1'
    numpy: '>=1.17'
    packaging: '>=20.0'
    pillow: '>=6.2.0'
    pyparsing: '>=2.2.1'
    python-dateutil: '>=2.7'
    setuptools-scm: '>=4'
  hash:
    sha256: 87900c67c0f1728e6db17c6809ec05c025c6624dcf96a8020326ea15378fe8e7
  manager: pip
  name: matplotlib
  optional: false
  platform: linux-64
  url: https://files.pythonhosted.org/packages/6a/52/703f568256a3e614a448503a698557d7832b7893fd63d3f7c2ebb54cd6e2/matplotlib-3.5.1-cp39-cp39-manylinux_2_5_x86_64.manylinux1_x86_64.whl
  version: 3.5.1
- category: main
  dependencies:
    numpy: '>=1.20.0'
    python-dateutil: '>=2.7.3'
    pytz: '>=2017.3'
  hash:
    sha256: 2c21778a688d3712d35710501f8001cdbf96eb70a7c587a3d5613573299fdca6
  manager: pip
  name: pandas
  optional: false
  platform: linux-64
  url: https://files.pythonhosted.org/packages/a3/00/64d407c9ec379a252ba659eb5086ffe5550f83674a43eca680b4a0992eb2/pandas-1.3.5-cp39-cp39-manylinux_2_17_x86_64.manylinux2014_x86_64.whl
  version: 1.3.5
- category: main
  dependencies:
    packaging: '>=20.0'
    platformdirs: '>=2.5.0'
    requests: '>=2.19.0'
  hash:
    sha256: 74258224fc33d58f53113cf955e8d51bf01386b91492927d0d1b6b341a765ad7
  manager: pip
  name: pooch
  optional: false
  platform: linux-64
  url: https://files.pythonhosted.org/packages/84/8c/4da580db7fb4cfce8f5ed78e7d2aa542e6f201edd69d3d8a96917a8ff63c/pooch-1.7.0-py3-none-any.whl
  version: 1.7.0
- category: main
  dependencies:
    numba: '>=0.53'
    numpy: '>=1.17'
  hash:
    sha256: 4340b6c4e685a865621dfcf016e2a3dd49d865446b6025e30fe88567f22e052e
  manager: pip
  name: resampy
  optional: false
  platform: linux-64
  url: https://files.pythonhosted.org/packages/f2/d3/5209fd2132452f199b1ddf0d084f9fd5f5f910840e3b282f005b48a503e1/resampy-0.4.2-py3-none-any.whl
  version: 0.4.2
- category: main
  dependencies:
    cffi: '>=1.0'
  hash:
    sha256: 2dc3685bed7187c072a46ab4ffddd38cef7de9ae5eb05c03df2ad569cf4dacbc
  manager: pip
  name: soundfile
  optional: false
  platform: linux-64
  url: https://files.pythonhosted.org/packages/ad/bd/0602167a213d9184fc688b1086dc6d374b7ae8c33eccf169f9b50ce6568c/soundfile-0.12.1-py2.py3-none-manylinux_2_17_x86_64.whl
  version: 0.12.1
- category: main
  dependencies:
    audioread: '>=2.0.0'
    decorator: '>=3.0.0'
    joblib: '>=0.14'
    numba: '>=0.43.0'
    numpy: '>=1.15.0'
    packaging: '>=20.0'
    pooch: '>=1.0'
    resampy: '>=0.2.2'
    scikit-learn: '>=0.14.0,<0.19.0 || >0.19.0'
    scipy: '>=1.0.0'
    soundfile: '>=0.10.2'
  hash:
    sha256: fd381e2d7067d4d4cf7691f2ef3620ef62a8aa6445dcf407e3328254692f742a
  manager: pip
  name: librosa
  optional: false
  platform: linux-64
  url: https://files.pythonhosted.org/packages/54/19/a0e2bdc94bc0d1555e4f9bc4099a0751da83fa6e1e6157ec005564f8a98a/librosa-0.8.1-py3-none-any.whl
  version: 0.8.1
- category: main
  dependencies:
    matplotlib: '>=2.2'
    numpy: '>=1.15'
    pandas: '>=0.23'
    scipy: '>=1.0'
  hash:
    sha256: 85a6baa9b55f81a0623abddc4a26b334653ff4c6b18c418361de19dbba0ef283
  manager: pip
  name: seaborn
  optional: false
  platform: linux-64
  url: https://files.pythonhosted.org/packages/10/5b/0479d7d845b5ba410ca702ffcd7f2cd95a14a4dfff1fde2637802b258b9b/seaborn-0.11.2-py3-none-any.whl
  version: 0.11.2
version: 1
